
Microsoft Visual Studio Solution File, Format Version 12.00
# Visual Studio Version 16
VisualStudioVersion = 16.0.31624.102
MinimumVisualStudioVersion = 10.0.40219.1
Project("{8BC9CEB8-8B4A-11D0-8D11-00A0C91BC942}") = "14a_Assoziation (1-1) Vorwaerstdeklaration", "14a_Assoziation (1-1) Vorwaerstdeklaration\14a_Assoziation (1-1) Vorwaerstdeklaration.vcxproj", "{70D4BEFB-B074-439B-A26B-F7564A4A7ED6}"
EndProject
Global
	GlobalSection(SolutionConfigurationPlatforms) = preSolution
		Debug|x64 = Debug|x64
		Debug|x86 = Debug|x86
		Release|x64 = Release|x64
		Release|x86 = Release|x86
	EndGlobalSection
	GlobalSection(ProjectConfigurationPlatforms) = postSolution
		{70D4BEFB-B074-439B-A26B-F7564A4A7ED6}.Debug|x64.ActiveCfg = Debug|x64
		{70D4BEFB-B074-439B-A26B-F7564A4A7ED6}.Debug|x64.Build.0 = Debug|x64
		{70D4BEFB-B074-439B-A26B-F7564A4A7ED6}.Debug|x86.ActiveCfg = Debug|Win32
		{70D4BEFB-B074-439B-A26B-F7564A4A7ED6}.Debug|x86.Build.0 = Debug|Win32
		{70D4BEFB-B074-439B-A26B-F7564A4A7ED6}.Release|x64.ActiveCfg = Release|x64
		{70D4BEFB-B074-439B-A26B-F7564A4A7ED6}.Release|x64.Build.0 = Release|x64
		{70D4BEFB-B074-439B-A26B-F7564A4A7ED6}.Release|x86.ActiveCfg = Release|Win32
		{70D4BEFB-B074-439B-A26B-F7564A4A7ED6}.Release|x86.Build.0 = Release|Win32
	EndGlobalSection
	GlobalSection(SolutionProperties) = preSolution
		HideSolutionNode = FALSE
	EndGlobalSection
	GlobalSection(ExtensibilityGlobals) = postSolution
		SolutionGuid = {9E099A00-D374-4F5F-8688-F89ADF2752BB}
	EndGlobalSection
EndGlobal
